Microsoft Visual Studio Solution File, Format Version 12.00
# Visual Studio Version 17
VisualStudioVersion = 17.5.2.0
MinimumVisualStudioVersion = 10.0.40219.1
Project("{FAE04EC0-301F-11D3-BF4B-00C04F79EFBC}") = "BankTestProject", "BankTestProject.csproj", "{72A94850-852C-3B8E-52D7-080664CB2366}"
EndProject
Global
	GlobalSection(SolutionConfigurationPlatforms) = preSolution
		Debug|Any CPU = Debug|Any CPU
		Release|Any CPU = Release|Any CPU
	EndGlobalSection
	GlobalSection(ProjectConfigurationPlatforms) = postSolution
		{72A94850-852C-3B8E-52D7-080664CB2366}.Debug|Any CPU.ActiveCfg = Debug|Any CPU
		{72A94850-852C-3B8E-52D7-080664CB2366}.Debug|Any CPU.Build.0 = Debug|Any CPU
		{72A94850-852C-3B8E-52D7-080664CB2366}.Release|Any CPU.ActiveCfg = Release|Any CPU
		{72A94850-852C-3B8E-52D7-080664CB2366}.Release|Any CPU.Build.0 = Release|Any CPU
	EndGlobalSection
	GlobalSection(SolutionProperties) = preSolution
		HideSolutionNode = FALSE
	EndGlobalSection
	GlobalSection(ExtensibilityGlobals) = postSolution
		SolutionGuid = {571FA4BB-BFD8-4BC4-A29A-701A1288EE09}
	EndGlobalSection
EndGlobal
